
Microsoft Visual Studio Solution File, Format Version 12.00
# Visual Studio Version 16
VisualStudioVersion = 16.0.30320.27
MinimumVisualStudioVersion = 10.0.40219.1
Project("{FAE04EC0-301F-11D3-BF4B-00C04F79EFBC}") = "dataBindExample", "dataBindExample.csproj", "{8EF12D82-7342-4C59-BC60-26375E8585FF}"
EndProject
Global
	GlobalSection(SolutionConfigurationPlatforms) = preSolution
		Debug|Any CPU = Debug|Any CPU
		Release|Any CPU = Release|Any CPU
	EndGlobalSection
	GlobalSection(ProjectConfigurationPlatforms) = postSolution
		{8EF12D82-7342-4C59-BC60-26375E8585FF}.Debug|Any CPU.ActiveCfg = Debug|Any CPU
		{8EF12D82-7342-4C59-BC60-26375E8585FF}.Debug|Any CPU.Build.0 = Debug|Any CPU
		{8EF12D82-7342-4C59-BC60-26375E8585FF}.Release|Any CPU.ActiveCfg = Release|Any CPU
		{8EF12D82-7342-4C59-BC60-26375E8585FF}.Release|Any CPU.Build.0 = Release|Any CPU
	EndGlobalSection
	GlobalSection(SolutionProperties) = preSolution
		HideSolutionNode = FALSE
	EndGlobalSection
	GlobalSection(ExtensibilityGlobals) = postSolution
		SolutionGuid = {4F3C7A8E-EC52-41D5-807A-FAC896773D6F}
	EndGlobalSection
EndGlobal
